{
  "nodes": {
    "collective-public": {
      "inputs": {
        "flake-utils": "flake-utils_2",
        "nix-parsec": "nix-parsec_2",
        "nix-reflect": "nix-reflect_2",
        "nixpkgs": "nixpkgs_5"
      },
      "locked": {
        "lastModified": 1754996231,
        "narHash": "sha256-bHILsPP/zhdCBDapVICDvNMopKH3MV6NZstNwneCkGs=",
        "owner": "harryaskham",
        "repo": "collective-public",
        "rev": "adc3072048e314030d41164558394a2542f20120",
        "type": "github"
      },
      "original": {
        "owner": "harryaskham",
        "repo": "collective-public",
        "type": "github"
      }
    },
    "collective-public_2": {
      "inputs": {
        "flake-utils": "flake-utils_3",
        "nix-parsec": "nix-parsec_3",
        "nix-reflect": "nix-reflect_3",
        "nixpkgs": "nixpkgs_3"
      },
      "locked": {
        "lastModified": 1754995960,
        "narHash": "sha256-kOQ614ycUEJgpKu85gYGJQdMRa5lKA+8ryrMCLTFf08=",
        "owner": "harryaskham",
        "repo": "collective-public",
        "rev": "71005d5e73308aee0889bd117f5dc66ba8714a6f",
        "type": "github"
      },
      "original": {
        "owner": "harryaskham",
        "repo": "collective-public",
        "type": "github"
      }
    },
    "collective-public_3": {
      "inputs": {
        "flake-utils": "flake-utils_4",
        "nix-parsec": "nix-parsec_4",
        "nixpkgs": "nixpkgs"
      },
      "locked": {
        "lastModified": 1754995308,
        "narHash": "sha256-0csbU30E3IynGkvsG+WdeahXBSVrYl6xuYO1o+/6tGo=",
        "owner": "harryaskham",
        "repo": "collective-public",
        "rev": "637ec38169e695ea25c2a27c0207a6ce981c2048",
        "type": "github"
      },
      "original": {
        "owner": "harryaskham",
        "repo": "collective-public",
        "type": "github"
      }
    },
    "flake-utils": {
      "inputs": {
        "systems": "systems"
      },
      "locked": {
        "lastModified": 1731533236,
        "narHash": "sha256-l0KFg5HjrsfsO/JpG+r7fRrqm12kzFHyUHqHCVpMMbI=",
        "owner": "numtide",
        "repo": "flake-utils",
        "rev": "11707dc2f618dd54ca8739b309ec4fc024de578b",
        "type": "github"
      },
      "original": {
        "id": "flake-utils",
        "type": "indirect"
      }
    },
    "flake-utils_2": {
      "inputs": {
        "systems": "systems_2"
      },
      "locked": {
        "lastModified": 1731533236,
        "narHash": "sha256-l0KFg5HjrsfsO/JpG+r7fRrqm12kzFHyUHqHCVpMMbI=",
        "owner": "numtide",
        "repo": "flake-utils",
        "rev": "11707dc2f618dd54ca8739b309ec4fc024de578b",
        "type": "github"
      },
      "original": {
        "id": "flake-utils",
        "type": "indirect"
      }
    },
    "flake-utils_3": {
      "inputs": {
        "systems": "systems_3"
      },
      "locked": {
        "lastModified": 1731533236,
        "narHash": "sha256-l0KFg5HjrsfsO/JpG+r7fRrqm12kzFHyUHqHCVpMMbI=",
        "owner": "numtide",
        "repo": "flake-utils",
        "rev": "11707dc2f618dd54ca8739b309ec4fc024de578b",
        "type": "github"
      },
      "original": {
        "id": "flake-utils",
        "type": "indirect"
      }
    },
    "flake-utils_4": {
      "inputs": {
        "systems": "systems_4"
      },
      "locked": {
        "lastModified": 1731533236,
        "narHash": "sha256-l0KFg5HjrsfsO/JpG+r7fRrqm12kzFHyUHqHCVpMMbI=",
        "owner": "numtide",
        "repo": "flake-utils",
        "rev": "11707dc2f618dd54ca8739b309ec4fc024de578b",
        "type": "github"
      },
      "original": {
        "id": "flake-utils",
        "type": "indirect"
      }
    },
    "flake-utils_5": {
      "inputs": {
        "systems": "systems_5"
      },
      "locked": {
        "lastModified": 1731533236,
        "narHash": "sha256-l0KFg5HjrsfsO/JpG+r7fRrqm12kzFHyUHqHCVpMMbI=",
        "owner": "numtide",
        "repo": "flake-utils",
        "rev": "11707dc2f618dd54ca8739b309ec4fc024de578b",
        "type": "github"
      },
      "original": {
        "owner": "numtide",
        "repo": "flake-utils",
        "type": "github"
      }
    },
    "flake-utils_6": {
      "inputs": {
        "systems": "systems_6"
      },
      "locked": {
        "lastModified": 1731533236,
        "narHash": "sha256-l0KFg5HjrsfsO/JpG+r7fRrqm12kzFHyUHqHCVpMMbI=",
        "owner": "numtide",
        "repo": "flake-utils",
        "rev": "11707dc2f618dd54ca8739b309ec4fc024de578b",
        "type": "github"
      },
      "original": {
        "owner": "numtide",
        "repo": "flake-utils",
        "type": "github"
      }
    },
    "flake-utils_7": {
      "inputs": {
        "systems": "systems_7"
      },
      "locked": {
        "lastModified": 1731533236,
        "narHash": "sha256-l0KFg5HjrsfsO/JpG+r7fRrqm12kzFHyUHqHCVpMMbI=",
        "owner": "numtide",
        "repo": "flake-utils",
        "rev": "11707dc2f618dd54ca8739b309ec4fc024de578b",
        "type": "github"
      },
      "original": {
        "owner": "numtide",
        "repo": "flake-utils",
        "type": "github"
      }
    },
    "nix-parsec": {
      "locked": {
        "lastModified": 1635533376,
        "narHash": "sha256-/HrG0UPGnI5VdkhrNrpDiM2+nhdL6lD/bqyGtYv0QDE=",
        "owner": "nprindle",
        "repo": "nix-parsec",
        "rev": "1bf25dd9c5de1257a1c67de3c81c96d05e8beb5e",
        "type": "github"
      },
      "original": {
        "owner": "nprindle",
        "repo": "nix-parsec",
        "type": "github"
      }
    },
    "nix-parsec_2": {
      "locked": {
        "lastModified": 1635533376,
        "narHash": "sha256-/HrG0UPGnI5VdkhrNrpDiM2+nhdL6lD/bqyGtYv0QDE=",
        "owner": "nprindle",
        "repo": "nix-parsec",
        "rev": "1bf25dd9c5de1257a1c67de3c81c96d05e8beb5e",
        "type": "github"
      },
      "original": {
        "owner": "nprindle",
        "repo": "nix-parsec",
        "type": "github"
      }
    },
    "nix-parsec_3": {
      "locked": {
        "lastModified": 1635533376,
        "narHash": "sha256-/HrG0UPGnI5VdkhrNrpDiM2+nhdL6lD/bqyGtYv0QDE=",
        "owner": "nprindle",
        "repo": "nix-parsec",
        "rev": "1bf25dd9c5de1257a1c67de3c81c96d05e8beb5e",
        "type": "github"
      },
      "original": {
        "owner": "nprindle",
        "repo": "nix-parsec",
        "type": "github"
      }
    },
    "nix-parsec_4": {
      "locked": {
        "lastModified": 1635533376,
        "narHash": "sha256-/HrG0UPGnI5VdkhrNrpDiM2+nhdL6lD/bqyGtYv0QDE=",
        "owner": "nprindle",
        "repo": "nix-parsec",
        "rev": "1bf25dd9c5de1257a1c67de3c81c96d05e8beb5e",
        "type": "github"
      },
      "original": {
        "owner": "nprindle",
        "repo": "nix-parsec",
        "type": "github"
      }
    },
    "nix-parsec_5": {
      "locked": {
        "lastModified": 1635533376,
        "narHash": "sha256-/HrG0UPGnI5VdkhrNrpDiM2+nhdL6lD/bqyGtYv0QDE=",
        "owner": "nprindle",
        "repo": "nix-parsec",
        "rev": "1bf25dd9c5de1257a1c67de3c81c96d05e8beb5e",
        "type": "github"
      },
      "original": {
        "owner": "nprindle",
        "repo": "nix-parsec",
        "type": "github"
      }
    },
    "nix-parsec_6": {
      "locked": {
        "lastModified": 1635533376,
        "narHash": "sha256-/HrG0UPGnI5VdkhrNrpDiM2+nhdL6lD/bqyGtYv0QDE=",
        "owner": "nprindle",
        "repo": "nix-parsec",
        "rev": "1bf25dd9c5de1257a1c67de3c81c96d05e8beb5e",
        "type": "github"
      },
      "original": {
        "owner": "nprindle",
        "repo": "nix-parsec",
        "type": "github"
      }
    },
    "nix-parsec_7": {
      "locked": {
        "lastModified": 1635533376,
        "narHash": "sha256-/HrG0UPGnI5VdkhrNrpDiM2+nhdL6lD/bqyGtYv0QDE=",
        "owner": "nprindle",
        "repo": "nix-parsec",
        "rev": "1bf25dd9c5de1257a1c67de3c81c96d05e8beb5e",
        "type": "github"
      },
      "original": {
        "owner": "nprindle",
        "repo": "nix-parsec",
        "type": "github"
      }
    },
    "nix-reflect": {
      "inputs": {
        "collective-public": "collective-public",
        "flake-utils": "flake-utils_7",
        "nix-parsec": "nix-parsec_7",
        "nixpkgs": "nixpkgs_6"
      },
      "locked": {
        "lastModified": 1754996245,
        "narHash": "sha256-gOO9HfFKda1uG29sUD7dwPfw1q3T6h5vu+bL5t7rKMI=",
        "owner": "harryaskham",
        "repo": "nix-reflect",
        "rev": "0fcfd669dad7b897abb93f98ecaa7fd246fa7b3d",
        "type": "github"
      },
      "original": {
        "owner": "harryaskham",
        "repo": "nix-reflect",
        "type": "github"
      }
    },
    "nix-reflect_2": {
      "inputs": {
        "collective-public": "collective-public_2",
        "flake-utils": "flake-utils_6",
        "nix-parsec": "nix-parsec_6",
        "nixpkgs": "nixpkgs_4"
      },
      "locked": {
        "lastModified": 1754996096,
        "narHash": "sha256-q55X9oG/8W8UYH7AnS6XBX79SWZ6dEx2Rc8WQBBVcXc=",
        "owner": "harryaskham",
        "repo": "nix-reflect",
        "rev": "170692d4ace894c8a0e4f4dfe843343f7b0bb028",
        "type": "github"
      },
      "original": {
        "owner": "harryaskham",
        "repo": "nix-reflect",
        "type": "github"
      }
    },
    "nix-reflect_3": {
      "inputs": {
        "collective-public": "collective-public_3",
        "flake-utils": "flake-utils_5",
        "nix-parsec": "nix-parsec_5",
        "nixpkgs": "nixpkgs_2"
      },
      "locked": {
        "lastModified": 1754995238,
        "narHash": "sha256-6s0aC0vmIiKCY7maIe4IaQLQv5NQgI1ISyIQuli6Z8M=",
        "owner": "harryaskham",
        "repo": "nix-reflect",
        "rev": "61fb325e826b8f9112d919bb38bc30231b9a4da4",
        "type": "github"
      },
      "original": {
        "owner": "harryaskham",
        "repo": "nix-reflect",
        "type": "github"
      }
    },
    "nixpkgs": {
      "locked": {
        "lastModified": 1752480373,
        "narHash": "sha256-JHQbm+OcGp32wAsXTE/FLYGNpb+4GLi5oTvCxwSoBOA=",
        "owner": "nixos",
        "repo": "nixpkgs",
        "rev": "62e0f05ede1da0d54515d4ea8ce9c733f12d9f08",
        "type": "github"
      },
      "original": {
        "owner": "nixos",
        "ref": "nixos-unstable",
        "repo": "nixpkgs",
        "type": "github"
      }
    },
    "nixpkgs_2": {
      "locked": {
        "lastModified": 1754725699,
        "narHash": "sha256-iAcj9T/Y+3DBy2J0N+yF9XQQQ8IEb5swLFzs23CdP88=",
        "owner": "nixos",
        "repo": "nixpkgs",
        "rev": "85dbfc7aaf52ecb755f87e577ddbe6dbbdbc1054",
        "type": "github"
      },
      "original": {
        "owner": "nixos",
        "ref": "nixos-unstable",
        "repo": "nixpkgs",
        "type": "github"
      }
    },
    "nixpkgs_3": {
      "locked": {
        "lastModified": 1752480373,
        "narHash": "sha256-JHQbm+OcGp32wAsXTE/FLYGNpb+4GLi5oTvCxwSoBOA=",
        "owner": "nixos",
        "repo": "nixpkgs",
        "rev": "62e0f05ede1da0d54515d4ea8ce9c733f12d9f08",
        "type": "github"
      },
      "original": {
        "owner": "nixos",
        "ref": "nixos-unstable",
        "repo": "nixpkgs",
        "type": "github"
      }
    },
    "nixpkgs_4": {
      "locked": {
        "lastModified": 1754725699,
        "narHash": "sha256-iAcj9T/Y+3DBy2J0N+yF9XQQQ8IEb5swLFzs23CdP88=",
        "owner": "nixos",
        "repo": "nixpkgs",
        "rev": "85dbfc7aaf52ecb755f87e577ddbe6dbbdbc1054",
        "type": "github"
      },
      "original": {
        "owner": "nixos",
        "ref": "nixos-unstable",
        "repo": "nixpkgs",
        "type": "github"
      }
    },
    "nixpkgs_5": {
      "locked": {
        "lastModified": 1752480373,
        "narHash": "sha256-JHQbm+OcGp32wAsXTE/FLYGNpb+4GLi5oTvCxwSoBOA=",
        "owner": "nixos",
        "repo": "nixpkgs",
        "rev": "62e0f05ede1da0d54515d4ea8ce9c733f12d9f08",
        "type": "github"
      },
      "original": {
        "owner": "nixos",
        "ref": "nixos-unstable",
        "repo": "nixpkgs",
        "type": "github"
      }
    },
    "nixpkgs_6": {
      "locked": {
        "lastModified": 1754725699,
        "narHash": "sha256-iAcj9T/Y+3DBy2J0N+yF9XQQQ8IEb5swLFzs23CdP88=",
        "owner": "nixos",
        "repo": "nixpkgs",
        "rev": "85dbfc7aaf52ecb755f87e577ddbe6dbbdbc1054",
        "type": "github"
      },
      "original": {
        "owner": "nixos",
        "ref": "nixos-unstable",
        "repo": "nixpkgs",
        "type": "github"
      }
    },
    "nixpkgs_7": {
      "locked": {
        "lastModified": 1752480373,
        "narHash": "sha256-JHQbm+OcGp32wAsXTE/FLYGNpb+4GLi5oTvCxwSoBOA=",
        "owner": "nixos",
        "repo": "nixpkgs",
        "rev": "62e0f05ede1da0d54515d4ea8ce9c733f12d9f08",
        "type": "github"
      },
      "original": {
        "owner": "nixos",
        "ref": "nixos-unstable",
        "repo": "nixpkgs",
        "type": "github"
      }
    },
    "root": {
      "inputs": {
        "flake-utils": "flake-utils",
        "nix-parsec": "nix-parsec",
        "nix-reflect": "nix-reflect",
        "nixpkgs": "nixpkgs_7"
      }
    },
    "systems": {
      "locked": {
        "lastModified": 1681028828,
        "narHash": "sha256-Vy1rq5AaRuLzOxct8nz4T6wlgyUR7zLU309k9mBC768=",
        "owner": "nix-systems",
        "repo": "default",
        "rev": "da67096a3b9bf56a91d16901293e51ba5b49a27e",
        "type": "github"
      },
      "original": {
        "owner": "nix-systems",
        "repo": "default",
        "type": "github"
      }
    },
    "systems_2": {
      "locked": {
        "lastModified": 1681028828,
        "narHash": "sha256-Vy1rq5AaRuLzOxct8nz4T6wlgyUR7zLU309k9mBC768=",
        "owner": "nix-systems",
        "repo": "default",
        "rev": "da67096a3b9bf56a91d16901293e51ba5b49a27e",
        "type": "github"
      },
      "original": {
        "owner": "nix-systems",
        "repo": "default",
        "type": "github"
      }
    },
    "systems_3": {
      "locked": {
        "lastModified": 1681028828,
        "narHash": "sha256-Vy1rq5AaRuLzOxct8nz4T6wlgyUR7zLU309k9mBC768=",
        "owner": "nix-systems",
        "repo": "default",
        "rev": "da67096a3b9bf56a91d16901293e51ba5b49a27e",
        "type": "github"
      },
      "original": {
        "owner": "nix-systems",
        "repo": "default",
        "type": "github"
      }
    },
    "systems_4": {
      "locked": {
        "lastModified": 1681028828,
        "narHash": "sha256-Vy1rq5AaRuLzOxct8nz4T6wlgyUR7zLU309k9mBC768=",
        "owner": "nix-systems",
        "repo": "default",
        "rev": "da67096a3b9bf56a91d16901293e51ba5b49a27e",
        "type": "github"
      },
      "original": {
        "owner": "nix-systems",
        "repo": "default",
        "type": "github"
      }
    },
    "systems_5": {
      "locked": {
        "lastModified": 1681028828,
        "narHash": "sha256-Vy1rq5AaRuLzOxct8nz4T6wlgyUR7zLU309k9mBC768=",
        "owner": "nix-systems",
        "repo": "default",
        "rev": "da67096a3b9bf56a91d16901293e51ba5b49a27e",
        "type": "github"
      },
      "original": {
        "owner": "nix-systems",
        "repo": "default",
        "type": "github"
      }
    },
    "systems_6": {
      "locked": {
        "lastModified": 1681028828,
        "narHash": "sha256-Vy1rq5AaRuLzOxct8nz4T6wlgyUR7zLU309k9mBC768=",
        "owner": "nix-systems",
        "repo": "default",
        "rev": "da67096a3b9bf56a91d16901293e51ba5b49a27e",
        "type": "github"
      },
      "original": {
        "owner": "nix-systems",
        "repo": "default",
        "type": "github"
      }
    },
    "systems_7": {
      "locked": {
        "lastModified": 1681028828,
        "narHash": "sha256-Vy1rq5AaRuLzOxct8nz4T6wlgyUR7zLU309k9mBC768=",
        "owner": "nix-systems",
        "repo": "default",
        "rev": "da67096a3b9bf56a91d16901293e51ba5b49a27e",
        "type": "github"
      },
      "original": {
        "owner": "nix-systems",
        "repo": "default",
        "type": "github"
      }
    }
  },
  "root": "root",
  "version": 7
}
