{
  "nodes": {
    "collective-public": {
      "inputs": {
        "flake-utils": "flake-utils",
        "nix-parsec": "nix-parsec",
        "nix-reflect": "nix-reflect",
        "nixpkgs": [
          "nixpkgs"
        ],
        "nixpkgs-stable": "nixpkgs-stable"
      },
      "locked": {
        "lastModified": 1776517386,
        "narHash": "sha256-NB79KkqRJlUGmTowlt0nXgPdjuakzsrptGb1z+4GB1k=",
        "owner": "harryaskham",
        "repo": "collective-public",
        "rev": "77db87ec38a4efe8079ba54186431ba51abeb567",
        "type": "github"
      },
      "original": {
        "owner": "harryaskham",
        "repo": "collective-public",
        "type": "github"
      }
    },
    "flake-utils": {
      "inputs": {
        "systems": "systems"
      },
      "locked": {
        "lastModified": 1731533236,
        "narHash": "sha256-l0KFg5HjrsfsO/JpG+r7fRrqm12kzFHyUHqHCVpMMbI=",
        "owner": "numtide",
        "repo": "flake-utils",
        "rev": "11707dc2f618dd54ca8739b309ec4fc024de578b",
        "type": "github"
      },
      "original": {
        "id": "flake-utils",
        "type": "indirect"
      }
    },
    "flake-utils_2": {
      "inputs": {
        "systems": "systems_2"
      },
      "locked": {
        "lastModified": 1731533236,
        "narHash": "sha256-l0KFg5HjrsfsO/JpG+r7fRrqm12kzFHyUHqHCVpMMbI=",
        "owner": "numtide",
        "repo": "flake-utils",
        "rev": "11707dc2f618dd54ca8739b309ec4fc024de578b",
        "type": "github"
      },
      "original": {
        "owner": "numtide",
        "repo": "flake-utils",
        "type": "github"
      }
    },
    "flake-utils_3": {
      "inputs": {
        "systems": "systems_3"
      },
      "locked": {
        "lastModified": 1731533236,
        "narHash": "sha256-l0KFg5HjrsfsO/JpG+r7fRrqm12kzFHyUHqHCVpMMbI=",
        "owner": "numtide",
        "repo": "flake-utils",
        "rev": "11707dc2f618dd54ca8739b309ec4fc024de578b",
        "type": "github"
      },
      "original": {
        "owner": "numtide",
        "repo": "flake-utils",
        "type": "github"
      }
    },
    "nix-parsec": {
      "locked": {
        "lastModified": 1635533376,
        "narHash": "sha256-/HrG0UPGnI5VdkhrNrpDiM2+nhdL6lD/bqyGtYv0QDE=",
        "owner": "nprindle",
        "repo": "nix-parsec",
        "rev": "1bf25dd9c5de1257a1c67de3c81c96d05e8beb5e",
        "type": "github"
      },
      "original": {
        "owner": "nprindle",
        "repo": "nix-parsec",
        "type": "github"
      }
    },
    "nix-parsec_2": {
      "locked": {
        "lastModified": 1635533376,
        "narHash": "sha256-/HrG0UPGnI5VdkhrNrpDiM2+nhdL6lD/bqyGtYv0QDE=",
        "owner": "nprindle",
        "repo": "nix-parsec",
        "rev": "1bf25dd9c5de1257a1c67de3c81c96d05e8beb5e",
        "type": "github"
      },
      "original": {
        "owner": "nprindle",
        "repo": "nix-parsec",
        "type": "github"
      }
    },
    "nix-parsec_3": {
      "locked": {
        "lastModified": 1635533376,
        "narHash": "sha256-/HrG0UPGnI5VdkhrNrpDiM2+nhdL6lD/bqyGtYv0QDE=",
        "owner": "nprindle",
        "repo": "nix-parsec",
        "rev": "1bf25dd9c5de1257a1c67de3c81c96d05e8beb5e",
        "type": "github"
      },
      "original": {
        "owner": "nprindle",
        "repo": "nix-parsec",
        "type": "github"
      }
    },
    "nix-reflect": {
      "inputs": {
        "collective-public": [
          "collective-public"
        ],
        "flake-utils": "flake-utils_2",
        "nix-parsec": "nix-parsec_2",
        "nixpkgs": [
          "collective-public",
          "nixpkgs"
        ]
      },
      "locked": {
        "lastModified": 1776527174,
        "narHash": "sha256-WNQ5LkvS8RsMSncGR0Z15dtxkozJ14nXqoipVGlKz38=",
        "owner": "harryaskham",
        "repo": "nix-reflect",
        "rev": "36fe30aaa94073c8966d2ae23a38c6de5e3ddc83",
        "type": "github"
      },
      "original": {
        "owner": "harryaskham",
        "repo": "nix-reflect",
        "type": "github"
      }
    },
    "nixpkgs": {
      "locked": {
        "lastModified": 1760284886,
        "narHash": "sha256-TK9Kr0BYBQ/1P5kAsnNQhmWWKgmZXwUQr4ZMjCzWf2c=",
        "owner": "nixos",
        "repo": "nixpkgs",
        "rev": "cf3f5c4def3c7b5f1fc012b3d839575dbe552d43",
        "type": "github"
      },
      "original": {
        "owner": "nixos",
        "ref": "nixos-unstable",
        "repo": "nixpkgs",
        "type": "github"
      }
    },
    "nixpkgs-stable": {
      "locked": {
        "lastModified": 1768649915,
        "narHash": "sha256-jc21hKogFnxU7KXSVTRmxC7u5D4RHwm9BAvDf5/Z1Uo=",
        "owner": "nixos",
        "repo": "nixpkgs",
        "rev": "3e3f3c7f9977dc123c23ee21e8085ed63daf8c37",
        "type": "github"
      },
      "original": {
        "owner": "nixos",
        "ref": "release-25.05",
        "repo": "nixpkgs",
        "type": "github"
      }
    },
    "root": {
      "inputs": {
        "collective-public": "collective-public",
        "flake-utils": "flake-utils_3",
        "nix-parsec": "nix-parsec_3",
        "nixpkgs": "nixpkgs"
      }
    },
    "systems": {
      "locked": {
        "lastModified": 1681028828,
        "narHash": "sha256-Vy1rq5AaRuLzOxct8nz4T6wlgyUR7zLU309k9mBC768=",
        "owner": "nix-systems",
        "repo": "default",
        "rev": "da67096a3b9bf56a91d16901293e51ba5b49a27e",
        "type": "github"
      },
      "original": {
        "owner": "nix-systems",
        "repo": "default",
        "type": "github"
      }
    },
    "systems_2": {
      "locked": {
        "lastModified": 1681028828,
        "narHash": "sha256-Vy1rq5AaRuLzOxct8nz4T6wlgyUR7zLU309k9mBC768=",
        "owner": "nix-systems",
        "repo": "default",
        "rev": "da67096a3b9bf56a91d16901293e51ba5b49a27e",
        "type": "github"
      },
      "original": {
        "owner": "nix-systems",
        "repo": "default",
        "type": "github"
      }
    },
    "systems_3": {
      "locked": {
        "lastModified": 1681028828,
        "narHash": "sha256-Vy1rq5AaRuLzOxct8nz4T6wlgyUR7zLU309k9mBC768=",
        "owner": "nix-systems",
        "repo": "default",
        "rev": "da67096a3b9bf56a91d16901293e51ba5b49a27e",
        "type": "github"
      },
      "original": {
        "owner": "nix-systems",
        "repo": "default",
        "type": "github"
      }
    }
  },
  "root": "root",
  "version": 7
}
